
Microsoft Visual Studio Solution File, Format Version 12.00
# Visual Studio 14
VisualStudioVersion = 14.0.25420.1
MinimumVisualStudioVersion = 10.0.40219.1
Project("{8BC9CEB8-8B4A-11D0-8D11-00A0C91BC942}") = "gtest", "googletest\msvc\gtest.vcxproj", "{C8F6C172-56F2-4E76-B5FA-C3B423B31BE7}"
EndProject
Project("{2150E333-8FDC-42A3-9474-1A3956D46DE8}") = "googletest", "googletest", "{221A4298-ED9C-4B5F-A4F7-B791012E8935}"
EndProject
Project("{8BC9CEB8-8B4A-11D0-8D11-00A0C91BC942}") = "NetworkScanner", "NetworkScanner_v1.0\NetworkScanner_v1.0.vcxproj", "{5324CF1E-0D01-4F69-B737-87AC80B21E07}"
EndProject
Project("{2150E333-8FDC-42A3-9474-1A3956D46DE8}") = "NetworkScanner", "NetworkScanner", "{F8319E17-15ED-4C34-8D72-B30B8D294065}"
EndProject
Project("{2150E333-8FDC-42A3-9474-1A3956D46DE8}") = "MyLib", "MyLib", "{ED26C0E4-541A-4DC4-ADB5-863826BE8440}"
EndProject
Project("{8BC9CEB8-8B4A-11D0-8D11-00A0C91BC942}") = "winpcapsocktest", "winpcapsocktest\winpcapsocktest.vcxproj", "{FEF5C402-5343-4FD8-B252-1667B64F3422}"
EndProject
Project("{8BC9CEB8-8B4A-11D0-8D11-00A0C91BC942}") = "wpcapsock", "wpcapsock\wpcapsock.vcxproj", "{08CE6135-8083-4B75-BF58-E62F8EB86CE6}"
EndProject
Global
	GlobalSection(SolutionConfigurationPlatforms) = preSolution
		Debug|Win32 = Debug|Win32
		Debug|x64 = Debug|x64
		Release|Win32 = Release|Win32
		Release|x64 = Release|x64
	EndGlobalSection
	GlobalSection(ProjectConfigurationPlatforms) = postSolution
		{C8F6C172-56F2-4E76-B5FA-C3B423B31BE7}.Debug|Win32.ActiveCfg = Debug|Win32
		{C8F6C172-56F2-4E76-B5FA-C3B423B31BE7}.Debug|x64.ActiveCfg = Debug|x64
		{C8F6C172-56F2-4E76-B5FA-C3B423B31BE7}.Release|Win32.ActiveCfg = Release|Win32
		{C8F6C172-56F2-4E76-B5FA-C3B423B31BE7}.Release|x64.ActiveCfg = Release|x64
		{5324CF1E-0D01-4F69-B737-87AC80B21E07}.Debug|Win32.ActiveCfg = Debug|Win32
		{5324CF1E-0D01-4F69-B737-87AC80B21E07}.Debug|Win32.Build.0 = Debug|Win32
		{5324CF1E-0D01-4F69-B737-87AC80B21E07}.Debug|x64.ActiveCfg = Debug|x64
		{5324CF1E-0D01-4F69-B737-87AC80B21E07}.Debug|x64.Build.0 = Debug|x64
		{5324CF1E-0D01-4F69-B737-87AC80B21E07}.Release|Win32.ActiveCfg = Release|Win32
		{5324CF1E-0D01-4F69-B737-87AC80B21E07}.Release|Win32.Build.0 = Release|Win32
		{5324CF1E-0D01-4F69-B737-87AC80B21E07}.Release|Win32.Deploy.0 = Release|Win32
		{5324CF1E-0D01-4F69-B737-87AC80B21E07}.Release|x64.ActiveCfg = Release|x64
		{5324CF1E-0D01-4F69-B737-87AC80B21E07}.Release|x64.Build.0 = Release|x64
		{FEF5C402-5343-4FD8-B252-1667B64F3422}.Debug|Win32.ActiveCfg = Debug|Win32
		{FEF5C402-5343-4FD8-B252-1667B64F3422}.Debug|x64.ActiveCfg = Debug|x64
		{FEF5C402-5343-4FD8-B252-1667B64F3422}.Release|Win32.ActiveCfg = Release|Win32
		{FEF5C402-5343-4FD8-B252-1667B64F3422}.Release|x64.ActiveCfg = Release|x64
		{08CE6135-8083-4B75-BF58-E62F8EB86CE6}.Debug|Win32.ActiveCfg = Debug|Win32
		{08CE6135-8083-4B75-BF58-E62F8EB86CE6}.Debug|Win32.Build.0 = Debug|Win32
		{08CE6135-8083-4B75-BF58-E62F8EB86CE6}.Debug|x64.ActiveCfg = Debug|x64
		{08CE6135-8083-4B75-BF58-E62F8EB86CE6}.Debug|x64.Build.0 = Debug|x64
		{08CE6135-8083-4B75-BF58-E62F8EB86CE6}.Release|Win32.ActiveCfg = Release|Win32
		{08CE6135-8083-4B75-BF58-E62F8EB86CE6}.Release|Win32.Build.0 = Release|Win32
		{08CE6135-8083-4B75-BF58-E62F8EB86CE6}.Release|x64.ActiveCfg = Release|x64
		{08CE6135-8083-4B75-BF58-E62F8EB86CE6}.Release|x64.Build.0 = Release|x64
	EndGlobalSection
	GlobalSection(SolutionProperties) = preSolution
		HideSolutionNode = FALSE
	EndGlobalSection
	GlobalSection(NestedProjects) = preSolution
		{C8F6C172-56F2-4E76-B5FA-C3B423B31BE7} = {221A4298-ED9C-4B5F-A4F7-B791012E8935}
		{5324CF1E-0D01-4F69-B737-87AC80B21E07} = {F8319E17-15ED-4C34-8D72-B30B8D294065}
		{FEF5C402-5343-4FD8-B252-1667B64F3422} = {ED26C0E4-541A-4DC4-ADB5-863826BE8440}
		{08CE6135-8083-4B75-BF58-E62F8EB86CE6} = {ED26C0E4-541A-4DC4-ADB5-863826BE8440}
	EndGlobalSection
EndGlobal
